
Microsoft Visual Studio Solution File, Format Version 12.00
# Visual Studio Version 17
VisualStudioVersion = 17.4.33122.133
MinimumVisualStudioVersion = 10.0.40219.1
Project("{9A19103F-16F7-4668-BE54-9A1E7A4F7556}") = "PlatformService", "PlatformService\PlatformService.csproj", "{67A3DAB3-DB67-4C61-BC20-3C702AC33760}"
EndProject
Project("{FAE04EC0-301F-11D3-BF4B-00C04F79EFBC}") = "CommandService", "CommandService\CommandService.csproj", "{1B9E5F22-95D2-4D3F-A9C6-A009EBFDBD6F}"
EndProject
Global
	GlobalSection(SolutionConfigurationPlatforms) = preSolution
		Debug|Any CPU = Debug|Any CPU
		Release|Any CPU = Release|Any CPU
	EndGlobalSection
	GlobalSection(ProjectConfigurationPlatforms) = postSolution
		{67A3DAB3-DB67-4C61-BC20-3C702AC33760}.Debug|Any CPU.ActiveCfg = Debug|Any CPU
		{67A3DAB3-DB67-4C61-BC20-3C702AC33760}.Debug|Any CPU.Build.0 = Debug|Any CPU
		{67A3DAB3-DB67-4C61-BC20-3C702AC33760}.Release|Any CPU.ActiveCfg = Release|Any CPU
		{67A3DAB3-DB67-4C61-BC20-3C702AC33760}.Release|Any CPU.Build.0 = Release|Any CPU
		{1B9E5F22-95D2-4D3F-A9C6-A009EBFDBD6F}.Debug|Any CPU.ActiveCfg = Debug|Any CPU
		{1B9E5F22-95D2-4D3F-A9C6-A009EBFDBD6F}.Debug|Any CPU.Build.0 = Debug|Any CPU
		{1B9E5F22-95D2-4D3F-A9C6-A009EBFDBD6F}.Release|Any CPU.ActiveCfg = Release|Any CPU
		{1B9E5F22-95D2-4D3F-A9C6-A009EBFDBD6F}.Release|Any CPU.Build.0 = Release|Any CPU
	EndGlobalSection
	GlobalSection(SolutionProperties) = preSolution
		HideSolutionNode = FALSE
	EndGlobalSection
	GlobalSection(ExtensibilityGlobals) = postSolution
		SolutionGuid = {B50B6F42-D855-4535-AFCC-F7EE6543E8DC}
	EndGlobalSection
EndGlobal
